
Microsoft Visual Studio Solution File, Format Version 12.00
# Visual Studio Version 17
VisualStudioVersion = 17.0.32014.148
MinimumVisualStudioVersion = 10.0.40219.1
Project("{9A19103F-16F7-4668-BE54-9A1E7A4F7556}") = "PlanB", "AspNetCore6Template\PlanB.csproj", "{AA3A3DF8-59D5-4F9E-8D3B-28E920A67C73}"
EndProject
Project("{2150E333-8FDC-42A3-9474-1A3956D46DE8}") = "Web", "Web", "{60AC88AE-4C6D-4386-9245-4ABBA9E0B268}"
EndProject
Project("{2150E333-8FDC-42A3-9474-1A3956D46DE8}") = "Data", "Data", "{B2384FDC-917A-41FF-9552-AA59773BC979}"
EndProject
Project("{9A19103F-16F7-4668-BE54-9A1E7A4F7556}") = "PlanB.Data.Common", "PlanB.Data.Common\PlanB.Data.Common.csproj", "{CE79651B-C42C-41AB-97A7-CD4F19C60BD3}"
EndProject
Project("{9A19103F-16F7-4668-BE54-9A1E7A4F7556}") = "PlanB.Data.Models", "PlanB.Data.Models\PlanB.Data.Models.csproj", "{0CCF9B40-BE51-4305-A71A-0173A6ADD753}"
EndProject
Project("{9A19103F-16F7-4668-BE54-9A1E7A4F7556}") = "PlanB.Common", "PlanB.Common\PlanB.Common.csproj", "{32CD99F5-A331-444B-B44E-FF124B95D74E}"
EndProject
Project("{2150E333-8FDC-42A3-9474-1A3956D46DE8}") = "Services", "Services", "{BFEA0B89-827C-40CF-BC24-6E004B6FED80}"
EndProject
Project("{9A19103F-16F7-4668-BE54-9A1E7A4F7556}") = "PlanB.Services.Data", "PlanB.Services.Data\PlanB.Services.Data.csproj", "{823F3EAB-CC0C-465E-94AD-8BD7723CE0E7}"
EndProject
Project("{9A19103F-16F7-4668-BE54-9A1E7A4F7556}") = "PlanB.Services.Mapping", "PlanB.Services.Mapping\PlanB.Services.Mapping.csproj", "{04CCD573-D7D3-4471-8917-5C584F3BD14B}"
EndProject
Project("{9A19103F-16F7-4668-BE54-9A1E7A4F7556}") = "PlanB.Services.Messaging", "PlanB.Services.Messaging\PlanB.Services.Messaging.csproj", "{431725A3-AD3C-4E9F-A9A6-7C42129863E9}"
EndProject
Project("{9A19103F-16F7-4668-BE54-9A1E7A4F7556}") = "PlanB.Web.ViewModels", "PlanB.Web.ViewModels\PlanB.Web.ViewModels.csproj", "{4B0CEB2F-A35E-4F2D-B3A3-B69FCB514827}"
EndProject
Project("{9A19103F-16F7-4668-BE54-9A1E7A4F7556}") = "PlanB.Data", "PlanB.Data\PlanB.Data.csproj", "{1A031B99-C210-4B28-926C-6AEC2E1A8F4A}"
EndProject
Global
	GlobalSection(SolutionConfigurationPlatforms) = preSolution
		Debug|Any CPU = Debug|Any CPU
		Release|Any CPU = Release|Any CPU
	EndGlobalSection
	GlobalSection(ProjectConfigurationPlatforms) = postSolution
		{AA3A3DF8-59D5-4F9E-8D3B-28E920A67C73}.Debug|Any CPU.ActiveCfg = Debug|Any CPU
		{AA3A3DF8-59D5-4F9E-8D3B-28E920A67C73}.Debug|Any CPU.Build.0 = Debug|Any CPU
		{AA3A3DF8-59D5-4F9E-8D3B-28E920A67C73}.Release|Any CPU.ActiveCfg = Release|Any CPU
		{AA3A3DF8-59D5-4F9E-8D3B-28E920A67C73}.Release|Any CPU.Build.0 = Release|Any CPU
		{CE79651B-C42C-41AB-97A7-CD4F19C60BD3}.Debug|Any CPU.ActiveCfg = Debug|Any CPU
		{CE79651B-C42C-41AB-97A7-CD4F19C60BD3}.Debug|Any CPU.Build.0 = Debug|Any CPU
		{CE79651B-C42C-41AB-97A7-CD4F19C60BD3}.Release|Any CPU.ActiveCfg = Release|Any CPU
		{CE79651B-C42C-41AB-97A7-CD4F19C60BD3}.Release|Any CPU.Build.0 = Release|Any CPU
		{0CCF9B40-BE51-4305-A71A-0173A6ADD753}.Debug|Any CPU.ActiveCfg = Debug|Any CPU
		{0CCF9B40-BE51-4305-A71A-0173A6ADD753}.Debug|Any CPU.Build.0 = Debug|Any CPU
		{0CCF9B40-BE51-4305-A71A-0173A6ADD753}.Release|Any CPU.ActiveCfg = Release|Any CPU
		{0CCF9B40-BE51-4305-A71A-0173A6ADD753}.Release|Any CPU.Build.0 = Release|Any CPU
		{32CD99F5-A331-444B-B44E-FF124B95D74E}.Debug|Any CPU.ActiveCfg = Debug|Any CPU
		{32CD99F5-A331-444B-B44E-FF124B95D74E}.Debug|Any CPU.Build.0 = Debug|Any CPU
		{32CD99F5-A331-444B-B44E-FF124B95D74E}.Release|Any CPU.ActiveCfg = Release|Any CPU
		{32CD99F5-A331-444B-B44E-FF124B95D74E}.Release|Any CPU.Build.0 = Release|Any CPU
		{823F3EAB-CC0C-465E-94AD-8BD7723CE0E7}.Debug|Any CPU.ActiveCfg = Debug|Any CPU
		{823F3EAB-CC0C-465E-94AD-8BD7723CE0E7}.Debug|Any CPU.Build.0 = Debug|Any CPU
		{823F3EAB-CC0C-465E-94AD-8BD7723CE0E7}.Release|Any CPU.ActiveCfg = Release|Any CPU
		{823F3EAB-CC0C-465E-94AD-8BD7723CE0E7}.Release|Any CPU.Build.0 = Release|Any CPU
		{04CCD573-D7D3-4471-8917-5C584F3BD14B}.Debug|Any CPU.ActiveCfg = Debug|Any CPU
		{04CCD573-D7D3-4471-8917-5C584F3BD14B}.Debug|Any CPU.Build.0 = Debug|Any CPU
		{04CCD573-D7D3-4471-8917-5C584F3BD14B}.Release|Any CPU.ActiveCfg = Release|Any CPU
		{04CCD573-D7D3-4471-8917-5C584F3BD14B}.Release|Any CPU.Build.0 = Release|Any CPU
		{431725A3-AD3C-4E9F-A9A6-7C42129863E9}.Debug|Any CPU.ActiveCfg = Debug|Any CPU
		{431725A3-AD3C-4E9F-A9A6-7C42129863E9}.Debug|Any CPU.Build.0 = Debug|Any CPU
		{431725A3-AD3C-4E9F-A9A6-7C42129863E9}.Release|Any CPU.ActiveCfg = Release|Any CPU
		{431725A3-AD3C-4E9F-A9A6-7C42129863E9}.Release|Any CPU.Build.0 = Release|Any CPU
		{4B0CEB2F-A35E-4F2D-B3A3-B69FCB514827}.Debug|Any CPU.ActiveCfg = Debug|Any CPU
		{4B0CEB2F-A35E-4F2D-B3A3-B69FCB514827}.Debug|Any CPU.Build.0 = Debug|Any CPU
		{4B0CEB2F-A35E-4F2D-B3A3-B69FCB514827}.Release|Any CPU.ActiveCfg = Release|Any CPU
		{4B0CEB2F-A35E-4F2D-B3A3-B69FCB514827}.Release|Any CPU.Build.0 = Release|Any CPU
		{1A031B99-C210-4B28-926C-6AEC2E1A8F4A}.Debug|Any CPU.ActiveCfg = Debug|Any CPU
		{1A031B99-C210-4B28-926C-6AEC2E1A8F4A}.Debug|Any CPU.Build.0 = Debug|Any CPU
		{1A031B99-C210-4B28-926C-6AEC2E1A8F4A}.Release|Any CPU.ActiveCfg = Release|Any CPU
		{1A031B99-C210-4B28-926C-6AEC2E1A8F4A}.Release|Any CPU.Build.0 = Release|Any CPU
	EndGlobalSection
	GlobalSection(SolutionProperties) = preSolution
		HideSolutionNode = FALSE
	EndGlobalSection
	GlobalSection(NestedProjects) = preSolution
		{AA3A3DF8-59D5-4F9E-8D3B-28E920A67C73} = {60AC88AE-4C6D-4386-9245-4ABBA9E0B268}
		{CE79651B-C42C-41AB-97A7-CD4F19C60BD3} = {B2384FDC-917A-41FF-9552-AA59773BC979}
		{0CCF9B40-BE51-4305-A71A-0173A6ADD753} = {B2384FDC-917A-41FF-9552-AA59773BC979}
		{823F3EAB-CC0C-465E-94AD-8BD7723CE0E7} = {BFEA0B89-827C-40CF-BC24-6E004B6FED80}
		{04CCD573-D7D3-4471-8917-5C584F3BD14B} = {BFEA0B89-827C-40CF-BC24-6E004B6FED80}
		{431725A3-AD3C-4E9F-A9A6-7C42129863E9} = {BFEA0B89-827C-40CF-BC24-6E004B6FED80}
		{4B0CEB2F-A35E-4F2D-B3A3-B69FCB514827} = {60AC88AE-4C6D-4386-9245-4ABBA9E0B268}
		{1A031B99-C210-4B28-926C-6AEC2E1A8F4A} = {B2384FDC-917A-41FF-9552-AA59773BC979}
	EndGlobalSection
	GlobalSection(ExtensibilityGlobals) = postSolution
		SolutionGuid = {6FB8ABB5-C9F8-49E5-AA50-044F8E4A71DF}
	EndGlobalSection
EndGlobal
